
Microsoft Visual Studio Solution File, Format Version 12.00
# Visual Studio Version 16
VisualStudioVersion = 16.0.31515.178
MinimumVisualStudioVersion = 10.0.40219.1
Project("{2150E333-8FDC-42A3-9474-1A3956D46DE8}") = "0 - APRESENTACAO", "0 - APRESENTACAO", "{EE178506-0F8D-4777-AAFF-A5DCA445E8CF}"
EndProject
Project("{2150E333-8FDC-42A3-9474-1A3956D46DE8}") = "1 - SERVICOS", "1 - SERVICOS", "{A7B7525E-3FAD-4EE2-A573-71A4138E07C5}"
EndProject
Project("{2150E333-8FDC-42A3-9474-1A3956D46DE8}") = "2 - APLICACAO", "2 - APLICACAO", "{8E56053A-67A5-4DCC-BCA2-1FD4D8BF1568}"
EndProject
Project("{2150E333-8FDC-42A3-9474-1A3956D46DE8}") = "3 - DOMINIO", "3 - DOMINIO", "{593844FA-F2E7-45B7-B8BD-F6E5C113431C}"
EndProject
Project("{2150E333-8FDC-42A3-9474-1A3956D46DE8}") = "4 - INFRA", "4 - INFRA", "{B5F4224B-60E9-4DB8-B1C1-0D3A33300009}"
EndProject
Project("{2150E333-8FDC-42A3-9474-1A3956D46DE8}") = "4.1 - TRANSVERSAL", "4.1 - TRANSVERSAL", "{A8CC05DB-FD7D-4024-9276-2A64C1AF876B}"
EndProject
Project("{2150E333-8FDC-42A3-9474-1A3956D46DE8}") = "4.2 - DADOS", "4.2 - DADOS", "{7BF36735-A00D-48C3-8887-386A28662A1E}"
EndProject
Project("{FAE04EC0-301F-11D3-BF4B-00C04F79EFBC}") = "ProjetoModeloDDD2.MVC", "ProjetoModeloDDD2.MVC\ProjetoModeloDDD2.MVC.csproj", "{F124C26A-EB54-4B97-BAE5-CD6473879278}"
EndProject
Project("{FAE04EC0-301F-11D3-BF4B-00C04F79EFBC}") = "ProjetoModeloDDD2.DOMINIO", "ProjetoModeloDDD2.DOMINIO\ProjetoModeloDDD2.DOMINIO.csproj", "{26A9FDBD-AADD-42F4-922D-7C550C26FF12}"
EndProject
Project("{FAE04EC0-301F-11D3-BF4B-00C04F79EFBC}") = "ProjetoModeloDDD2.INFRA.DADOS", "ProjetoModeloDDD2.INFRA.DADOS\ProjetoModeloDDD2.INFRA.DADOS.csproj", "{FD93BD15-2B8E-4355-B2DD-6D193EE9113C}"
EndProject
Project("{FAE04EC0-301F-11D3-BF4B-00C04F79EFBC}") = "ProjetoModeloDDD2.APLICACAO", "ProjetoModeloDDD2.APLICACAO\ProjetoModeloDDD2.APLICACAO.csproj", "{718BC45A-3FA3-416A-9E14-293994D306E8}"
EndProject
Global
	GlobalSection(SolutionConfigurationPlatforms) = preSolution
		Debug|Any CPU = Debug|Any CPU
		Release|Any CPU = Release|Any CPU
	EndGlobalSection
	GlobalSection(ProjectConfigurationPlatforms) = postSolution
		{F124C26A-EB54-4B97-BAE5-CD6473879278}.Debug|Any CPU.ActiveCfg = Debug|Any CPU
		{F124C26A-EB54-4B97-BAE5-CD6473879278}.Debug|Any CPU.Build.0 = Debug|Any CPU
		{F124C26A-EB54-4B97-BAE5-CD6473879278}.Release|Any CPU.ActiveCfg = Release|Any CPU
		{F124C26A-EB54-4B97-BAE5-CD6473879278}.Release|Any CPU.Build.0 = Release|Any CPU
		{26A9FDBD-AADD-42F4-922D-7C550C26FF12}.Debug|Any CPU.ActiveCfg = Debug|Any CPU
		{26A9FDBD-AADD-42F4-922D-7C550C26FF12}.Debug|Any CPU.Build.0 = Debug|Any CPU
		{26A9FDBD-AADD-42F4-922D-7C550C26FF12}.Release|Any CPU.ActiveCfg = Release|Any CPU
		{26A9FDBD-AADD-42F4-922D-7C550C26FF12}.Release|Any CPU.Build.0 = Release|Any CPU
		{FD93BD15-2B8E-4355-B2DD-6D193EE9113C}.Debug|Any CPU.ActiveCfg = Debug|Any CPU
		{FD93BD15-2B8E-4355-B2DD-6D193EE9113C}.Debug|Any CPU.Build.0 = Debug|Any CPU
		{FD93BD15-2B8E-4355-B2DD-6D193EE9113C}.Release|Any CPU.ActiveCfg = Release|Any CPU
		{FD93BD15-2B8E-4355-B2DD-6D193EE9113C}.Release|Any CPU.Build.0 = Release|Any CPU
		{718BC45A-3FA3-416A-9E14-293994D306E8}.Debug|Any CPU.ActiveCfg = Debug|Any CPU
		{718BC45A-3FA3-416A-9E14-293994D306E8}.Debug|Any CPU.Build.0 = Debug|Any CPU
		{718BC45A-3FA3-416A-9E14-293994D306E8}.Release|Any CPU.ActiveCfg = Release|Any CPU
		{718BC45A-3FA3-416A-9E14-293994D306E8}.Release|Any CPU.Build.0 = Release|Any CPU
	EndGlobalSection
	GlobalSection(SolutionProperties) = preSolution
		HideSolutionNode = FALSE
	EndGlobalSection
	GlobalSection(NestedProjects) = preSolution
		{A8CC05DB-FD7D-4024-9276-2A64C1AF876B} = {B5F4224B-60E9-4DB8-B1C1-0D3A33300009}
		{7BF36735-A00D-48C3-8887-386A28662A1E} = {B5F4224B-60E9-4DB8-B1C1-0D3A33300009}
		{F124C26A-EB54-4B97-BAE5-CD6473879278} = {EE178506-0F8D-4777-AAFF-A5DCA445E8CF}
		{26A9FDBD-AADD-42F4-922D-7C550C26FF12} = {593844FA-F2E7-45B7-B8BD-F6E5C113431C}
		{FD93BD15-2B8E-4355-B2DD-6D193EE9113C} = {7BF36735-A00D-48C3-8887-386A28662A1E}
		{718BC45A-3FA3-416A-9E14-293994D306E8} = {8E56053A-67A5-4DCC-BCA2-1FD4D8BF1568}
	EndGlobalSection
	GlobalSection(ExtensibilityGlobals) = postSolution
		SolutionGuid = {E521E32A-99B2-4BB1-9390-4A176A02D4ED}
	EndGlobalSection
EndGlobal
